PackratFormat: 1.4
PackratVersion: 0.5.0
RVersion: 3.6.0
Repos: CRAN=https://cloud.r-project.org

Package: DBI
Source: CRAN
Version: 1.0.0
Hash: 6abedd7919c4457604c0aa44529a6683

Package: ROracle
Source: CRAN
Version: 1.3-1
Hash: 5ff3ef86b737b2978b4c1e979e758662
Requires: DBI

Package: packrat
Source: CRAN
Version: 0.5.0
Hash: 498643e765d1442ba7b1160a1df3abf9
